{
  "name": "hue-app",
  "version": "0.1.0",
  "lockfileVersion": 2,
  "requires": true,
  "packages": {
    "": {
      "name": "hue-app",
      "version": "0.1.0",
      "license": "MIT",
      "dependencies": {
        "dotenv": "^10.0.0",
        "node-hue-api": "^5.0.0-beta.7"
      }
    },
    "node_modules/@peter-murray/hue-bridge-model": {
      "version": "2.0.1",
      "resolved": "https://registry.npmjs.org/@peter-murray/hue-bridge-model/-/hue-bridge-model-2.0.1.tgz",
      "integrity": "sha512-UaKR8NZZk4KgkEfVMKWeJEt7aOu4dCDnO45vNuRgS8DU6SV0BA8YLGlABiCjBsiYY3agkaEm7e2muF96q+Wbpw==",
      "engines": {
        "node": ">= 10.0.0"
      }
    },
    "node_modules/bottleneck": {
      "version": "2.19.5",
      "resolved": "https://registry.npmjs.org/bottleneck/-/bottleneck-2.19.5.tgz",
      "integrity": "sha512-VHiNCbI1lKdl44tGrhNfU3lup0Tj/ZBMJB5/2ZbNXRCPuRCO7ed2mgcK4r17y+KB2EfuYuRaVlwNbAeaWGSpbw=="
    },
    "node_modules/dotenv": {
      "version": "10.0.0",
      "resolved": "https://registry.npmjs.org/dotenv/-/dotenv-10.0.0.tgz",
      "integrity": "sha512-rlBi9d8jpv9Sf1klPjNfFAuWDjKLwTIJJ/VxtoTwIR6hnZxcEOQCZg2oIL3MWBYw5GpUDKOEnND7LXTbIpQ03Q==",
      "engines": {
        "node": ">=10"
      }
    },
    "node_modules/node-fetch": {
      "version": "2.6.1",
      "resolved": "https://registry.npmjs.org/node-fetch/-/node-fetch-2.6.1.tgz",
      "integrity": "sha512-V4aYg89jEoVRxRb2fJdAg8FHvI7cEyYdVAh94HH0UIK8oJxUfkjlDQN9RbMx+bEjP7+ggMiFRprSti032Oipxw==",
      "engines": {
        "node": "4.x || >=6.0.0"
      }
    },
    "node_modules/node-hue-api": {
      "version": "5.0.0-beta.7",
      "resolved": "https://registry.npmjs.org/node-hue-api/-/node-hue-api-5.0.0-beta.7.tgz",
      "integrity": "sha512-H3PtUD3tEObSz/4N6kBbx13L0jBAgYbjebN3Oh9j8PRLkkuT87DPSqE6laW70Z6tgKx/QGkdTAzL1SRJ93rtVw==",
      "dependencies": {
        "@peter-murray/hue-bridge-model": "^2.0.1",
        "bottleneck": "^2.19.5",
        "node-fetch": "^2.6.1"
      },
      "engines": {
        "node": ">= 10.0.0"
      }
    }
  },
  "dependencies": {
    "@peter-murray/hue-bridge-model": {
      "version": "2.0.1",
      "resolved": "https://registry.npmjs.org/@peter-murray/hue-bridge-model/-/hue-bridge-model-2.0.1.tgz",
      "integrity": "sha512-UaKR8NZZk4KgkEfVMKWeJEt7aOu4dCDnO45vNuRgS8DU6SV0BA8YLGlABiCjBsiYY3agkaEm7e2muF96q+Wbpw=="
    },
    "bottleneck": {
      "version": "2.19.5",
      "resolved": "https://registry.npmjs.org/bottleneck/-/bottleneck-2.19.5.tgz",
      "integrity": "sha512-VHiNCbI1lKdl44tGrhNfU3lup0Tj/ZBMJB5/2ZbNXRCPuRCO7ed2mgcK4r17y+KB2EfuYuRaVlwNbAeaWGSpbw=="
    },
    "dotenv": {
      "version": "10.0.0",
      "resolved": "https://registry.npmjs.org/dotenv/-/dotenv-10.0.0.tgz",
      "integrity": "sha512-rlBi9d8jpv9Sf1klPjNfFAuWDjKLwTIJJ/VxtoTwIR6hnZxcEOQCZg2oIL3MWBYw5GpUDKOEnND7LXTbIpQ03Q=="
    },
    "node-fetch": {
      "version": "2.6.1",
      "resolved": "https://registry.npmjs.org/node-fetch/-/node-fetch-2.6.1.tgz",
      "integrity": "sha512-V4aYg89jEoVRxRb2fJdAg8FHvI7cEyYdVAh94HH0UIK8oJxUfkjlDQN9RbMx+bEjP7+ggMiFRprSti032Oipxw=="
    },
    "node-hue-api": {
      "version": "5.0.0-beta.7",
      "resolved": "https://registry.npmjs.org/node-hue-api/-/node-hue-api-5.0.0-beta.7.tgz",
      "integrity": "sha512-H3PtUD3tEObSz/4N6kBbx13L0jBAgYbjebN3Oh9j8PRLkkuT87DPSqE6laW70Z6tgKx/QGkdTAzL1SRJ93rtVw==",
      "requires": {
        "@peter-murray/hue-bridge-model": "^2.0.1",
        "bottleneck": "^2.19.5",
        "node-fetch": "^2.6.1"
      }
    }
  }
}
